// !$*UTF8*$!
{
	archiveVersion = 1;
	classes = {
	};
	objectVersion = 46;
	objects = {

/* Begin PBXBuildFile section */
		BF7242691CBBB7B600957F38 /* AppDelegate.swift in Sources */ = {isa = PBXBuildFile; fileRef = BF7242681CBBB7B600957F38 /* AppDelegate.swift */; };
		BF72426B1CBBB7B600957F38 /* ViewController.swift in Sources */ = {isa = PBXBuildFile; fileRef = BF72426A1CBBB7B600957F38 /* ViewController.swift */; };
		BF72426E1CBBB7B600957F38 /* Main.storyboard in Resources */ = {isa = PBXBuildFile; fileRef = BF72426C1CBBB7B600957F38 /* Main.storyboard */; };
		BF7242701CBBB7B600957F38 /* Assets.xcassets in Resources */ = {isa = PBXBuildFile; fileRef = BF72426F1CBBB7B600957F38 /* Assets.xcassets */; };
		BF7242731CBBB7B600957F38 /* LaunchScreen.storyboard in Resources */ = {isa = PBXBuildFile; fileRef = BF7242711CBBB7B600957F38 /* LaunchScreen.storyboard */; };
/* End PBXBuildFile section */

/* Begin PBXFileReference section */
		BF7242651CBBB7B600957F38 /* Dev Showcase.app */ = {isa = PBXFileReference; explicitFileType = wrapper.application; includeInIndex = 0; path = "Dev Showcase.app"; sourceTree = BUILT_PRODUCTS_DIR; };
		BF7242681CBBB7B600957F38 /* AppDelegate.swift */ = {isa = PBXFileReference; lastKnownFileType = sourcecode.swift; path = AppDelegate.swift; sourceTree = "<group>"; };
		BF72426A1CBBB7B600957F38 /* ViewController.swift */ = {isa = PBXFileReference; lastKnownFileType = sourcecode.swift; path = ViewController.swift; sourceTree = "<group>"; };
		BF72426D1CBBB7B600957F38 /* Base */ = {isa = PBXFileReference; lastKnownFileType = file.storyboard; name = Base; path = Base.lproj/Main.storyboard; sourceTree = "<group>"; };
		BF72426F1CBBB7B600957F38 /* Assets.xcassets */ = {isa = PBXFileReference; lastKnownFileType = folder.assetcatalog; path = Assets.xcassets; sourceTree = "<group>"; };
		BF7242721CBBB7B600957F38 /* Base */ = {isa = PBXFileReference; lastKnownFileType = file.storyboard; name = Base; path = Base.lproj/LaunchScreen.storyboard; sourceTree = "<group>"; };
		BF7242741CBBB7B600957F38 /* Info.plist */ = {isa = PBXFileReference; lastKnownFileType = text.plist.xml; path = Info.plist; sourceTree = "<group>"; };
/* End PBXFileReference section */

/* Begin PBXFrameworksBuildPhase section */
		BF7242621CBBB7B600957F38 /* Frameworks */ = {
			isa = PBXFrameworksBuildPhase;
			buildActionMask = 2147483647;
			files = (
			);
			runOnlyForDeploymentPostprocessing = 0;
		};
/* End PBXFrameworksBuildPhase section */

/* Begin PBXGroup section */
		BF72425C1CBBB7B600957F38 = {
			isa = PBXGroup;
			children = (
				BF7242671CBBB7B600957F38 /* Dev Showcase */,
				BF7242661CBBB7B600957F38 /* Products */,
			);
			sourceTree = "<group>";
		};
		BF7242661CBBB7B600957F38 /* Products */ = {
			isa = PBXGroup;
			children = (
				BF7242651CBBB7B600957F38 /* Dev Showcase.app */,
			);
			name = Products;
			sourceTree = "<group>";
		};
		BF7242671CBBB7B600957F38 /* Dev Showcase */ = {
			isa = PBXGroup;
			children = (
				BF7242681CBBB7B600957F38 /* AppDelegate.swift */,
				BF72426A1CBBB7B600957F38 /* ViewController.swift */,
				BF72426C1CBBB7B600957F38 /* Main.storyboard */,
				BF72426F1CBBB7B600957F38 /* Assets.xcassets */,
				BF7242711CBBB7B600957F38 /* LaunchScreen.storyboard */,
				BF7242741CBBB7B600957F38 /* Info.plist */,
			);
			path = "Dev Showcase";
			sourceTree = "<group>";
		};
/* End PBXGroup section */

/* Begin PBXNativeTarget section */
		BF7242641CBBB7B600957F38 /* Dev Showcase */ = {
			isa = PBXNativeTarget;
			buildConfigurationList = BF7242771CBBB7B600957F38 /* Build configuration list for PBXNativeTarget "Dev Showcase" */;
			buildPhases = (
				BF7242611CBBB7B600957F38 /* Sources */,
				BF7242621CBBB7B600957F38 /* Frameworks */,
				BF7242631CBBB7B600957F38 /* Resources */,
			);
			buildRules = (
			);
			dependencies = (
			);
			name = "Dev Showcase";
			productName = "Dev Showcase";
			productReference = BF7242651CBBB7B600957F38 /* Dev Showcase.app */;
			productType = "com.apple.product-type.application";
		};
/* End PBXNativeTarget section */

/* Begin PBXProject section */
		BF72425D1CBBB7B600957F38 /* Project object */ = {
			isa = PBXProject;
			attributes = {
				LastSwiftUpdateCheck = 0730;
				LastUpgradeCheck = 0730;
				ORGANIZATIONNAME = "Jason Leocata";
				TargetAttributes = {
					BF7242641CBBB7B600957F38 = {
						CreatedOnToolsVersion = 7.3;
					};
				};
			};
			buildConfigurationList = BF7242601CBBB7B600957F38 /* Build configuration list for PBXProject "Dev Showcase" */;
			compatibilityVersion = "Xcode 3.2";
			developmentRegion = English;
			hasScannedForEncodings = 0;
			knownRegions = (
				en,
				Base,
			);
			mainGroup = BF72425C1CBBB7B600957F38;
			productRefGroup = BF7242661CBBB7B600957F38 /* Products */;
			projectDirPath = "";
			projectRoot = "";
			targets = (
				BF7242641CBBB7B600957F38 /* Dev Showcase */,
			);
		};
/* End PBXProject section */

/* Begin PBXResourcesBuildPhase section */
		BF7242631CBBB7B600957F38 /* Resources */ = {
			isa = PBXResourcesBuildPhase;
			buildActionMask = 2147483647;
			files = (
				BF7242731CBBB7B600957F38 /* LaunchScreen.storyboard in Resources */,
				BF7242701CBBB7B600957F38 /* Assets.xcassets in Resources */,
				BF72426E1CBBB7B600957F38 /* Main.storyboard in Resources */,
			);
			runOnlyForDeploymentPostprocessing = 0;
		};
/* End PBXResourcesBuildPhase section */

/* Begin PBXSourcesBuildPhase section */
		BF7242611CBBB7B600957F38 /* Sources */ = {
			isa = PBXSourcesBuildPhase;
			buildActionMask = 2147483647;
			files = (
				BF72426B1CBBB7B600957F38 /* ViewController.swift in Sources */,
				BF7242691CBBB7B600957F38 /* AppDelegate.swift in Sources */,
			);
			runOnlyForDeploymentPostprocessing = 0;
		};
/* End PBXSourcesBuildPhase section */

/* Begin PBXVariantGroup section */
		BF72426C1CBBB7B600957F38 /* Main.storyboard */ = {
			isa = PBXVariantGroup;
			children = (
				BF72426D1CBBB7B600957F38 /* Base */,
			);
			name = Main.storyboard;
			sourceTree = "<group>";
		};
		BF7242711CBBB7B600957F38 /* LaunchScreen.storyboard */ = {
			isa = PBXVariantGroup;
			children = (
				BF7242721CBBB7B600957F38 /* Base */,
			);
			name = LaunchScreen.storyboard;
			sourceTree = "<group>";
		};
/* End PBXVariantGroup section */

/* Begin XCBuildConfiguration section */
		BF7242751CBBB7B600957F38 /* Debug */ = {
			isa = XCBuildConfiguration;
			buildSettings = {
				ALWAYS_SEARCH_USER_PATHS = NO;
				CLANG_ANALYZER_NONNULL = YES;
				CLANG_CXX_LANGUAGE_STANDARD = "gnu++0x";
				CLANG_CXX_LIBRARY = "libc++";
				CLANG_ENABLE_MODULES = YES;
				CLANG_ENABLE_OBJC_ARC = YES;
				CLANG_WARN_BOOL_CONVERSION = YES;
				CLANG_WARN_CONSTANT_CONVERSION = YES;
				CLANG_WARN_DIRECT_OBJC_ISA_USAGE = YES_ERROR;
				CLANG_WARN_EMPTY_BODY = YES;
				CLANG_WARN_ENUM_CONVERSION = YES;
				CLANG_WARN_INT_CONVERSION = YES;
				CLANG_WARN_OBJC_ROOT_CLASS = YES_ERROR;
				CLANG_WARN_UNREACHABLE_CODE = YES;
				CLANG_WARN__DUPLICATE_METHOD_MATCH = YES;
				"CODE_SIGN_IDENTITY[sdk=iphoneos*]" = "iPhone Developer";
				COPY_PHASE_STRIP = NO;
				DEBUG_INFORMATION_FORMAT = dwarf;
				ENABLE_STRICT_OBJC_MSGSEND = YES;
				ENABLE_TESTABILITY = YES;
				GCC_C_LANGUAGE_STANDARD = gnu99;
				GCC_DYNAMIC_NO_PIC = NO;
				GCC_NO_COMMON_BLOCKS = YES;
				GCC_OPTIMIZATION_LEVEL = 0;
				GCC_PREPROCESSOR_DEFINITIONS = (
					"DEBUG=1",
					"$(inherited)",
				);
				GCC_WARN_64_TO_32_BIT_CONVERSION = YES;
				GCC_WARN_ABOUT_RETURN_TYPE = YES_ERROR;
				GCC_WARN_UNDECLARED_SELECTOR = YES;
				GCC_WARN_UNINITIALIZED_AUTOS = YES_AGGRESSIVE;
				GCC_WARN_UNUSED_FUNCTION = YES;
				GCC_WARN_UNUSED_VARIABLE = YES;
				IPHONEOS_DEPLOYMENT_TARGET = 9.3;
				MTL_ENABLE_DEBUG_INFO = YES;
				ONLY_ACTIVE_ARCH = YES;
				SDKROOT = iphoneos;
				SWIFT_OPTIMIZATION_LEVEL = "-Onone";
				TARGETED_DEVICE_FAMILY = "1,2";
			};
			name = Debug;
		};
		BF7242761CBBB7B600957F38 /* Release */ = {
			isa = XCBuildConfiguration;
			buildSettings = {
				ALWAYS_SEARCH_USER_PATHS = NO;
				CLANG_ANALYZER_NONNULL = YES;
				CLANG_CXX_LANGUAGE_STANDARD = "gnu++0x";
				CLANG_CXX_LIBRARY = "libc++";
				CLANG_ENABLE_MODULES = YES;
				CLANG_ENABLE_OBJC_ARC = YES;
				CLANG_WARN_BOOL_CONVERSION = YES;
				CLANG_WARN_CONSTANT_CONVERSION = YES;
				CLANG_WARN_DIRECT_OBJC_ISA_USAGE = YES_ERROR;
				CLANG_WARN_EMPTY_BODY = YES;
				CLANG_WARN_ENUM_CONVERSION = YES;
				CLANG_WARN_INT_CONVERSION = YES;
				CLANG_WARN_OBJC_ROOT_CLASS = YES_ERROR;
				CLANG_WARN_UNREACHABLE_CODE = YES;
				CLANG_WARN__DUPLICATE_METHOD_MATCH = YES;
				"CODE_SIGN_IDENTITY[sdk=iphoneos*]" = "iPhone Developer";
				COPY_PHASE_STRIP = NO;
				DEBUG_INFORMATION_FORMAT = "dwarf-with-dsym";
				ENABLE_NS_ASSERTIONS = NO;
				ENABLE_STRICT_OBJC_MSGSEND = YES;
				GCC_C_LANGUAGE_STANDARD = gnu99;
				GCC_NO_COMMON_BLOCKS = YES;
				GCC_WARN_64_TO_32_BIT_CONVERSION = YES;
				GCC_WARN_ABOUT_RETURN_TYPE = YES_ERROR;
				GCC_WARN_UNDECLARED_SELECTOR = YES;
				GCC_WARN_UNINITIALIZED_AUTOS = YES_AGGRESSIVE;
				GCC_WARN_UNUSED_FUNCTION = YES;
				GCC_WARN_UNUSED_VARIABLE = YES;
				IPHONEOS_DEPLOYMENT_TARGET = 9.3;
				MTL_ENABLE_DEBUG_INFO = NO;
				SDKROOT = iphoneos;
				TARGETED_DEVICE_FAMILY = "1,2";
				VALIDATE_PRODUCT = YES;
			};
			name = Release;
		};
		BF7242781CBBB7B600957F38 /* Debug */ = {
			isa = XCBuildConfiguration;
			buildSettings = {
				ASSETCATALOG_COMPILER_APPICON_NAME = AppIcon;
				INFOPLIST_FILE = "Dev Showcase/Info.plist";
				LD_RUNPATH_SEARCH_PATHS = "$(inherited) @executable_path/Frameworks";
				PRODUCT_BUNDLE_IDENTIFIER = "au.com.jasonleocata.Dev-Showcase";
				PRODUCT_NAME = "$(TARGET_NAME)";
			};
			name = Debug;
		};
		BF7242791CBBB7B600957F38 /* Release */ = {
			isa = XCBuildConfiguration;
			buildSettings = {
				ASSETCATALOG_COMPILER_APPICON_NAME = AppIcon;
				INFOPLIST_FILE = "Dev Showcase/Info.plist";
				LD_RUNPATH_SEARCH_PATHS = "$(inherited) @executable_path/Frameworks";
				PRODUCT_BUNDLE_IDENTIFIER = "au.com.jasonleocata.Dev-Showcase";
				PRODUCT_NAME = "$(TARGET_NAME)";
			};
			name = Release;
		};
/* End XCBuildConfiguration section */

/* Begin XCConfigurationList section */
		BF7242601CBBB7B600957F38 /* Build configuration list for PBXProject "Dev Showcase" */ = {
			isa = XCConfigurationList;
			buildConfigurations = (
				BF7242751CBBB7B600957F38 /* Debug */,
				BF7242761CBBB7B600957F38 /* Release */,
			);
			defaultConfigurationIsVisible = 0;
			defaultConfigurationName = Release;
		};
		BF7242771CBBB7B600957F38 /* Build configuration list for PBXNativeTarget "Dev Showcase" */ = {
			isa = XCConfigurationList;
			buildConfigurations = (
				BF7242781CBBB7B600957F38 /* Debug */,
				BF7242791CBBB7B600957F38 /* Release */,
			);
			defaultConfigurationIsVisible = 0;
		};
/* End XCConfigurationList section */
	};
	rootObject = BF72425D1CBBB7B600957F38 /* Project object */;
}
